// !$*UTF8*$!
{
	archiveVersion = 1;
	classes = {
	};
	objectVersion = 60;
	objects = {

/* Begin PBXBuildFile section */
		100000000000000000000001 /* BodyCoachApp.swift in Sources */ = {isa = PBXBuildFile; fileRef = 100000000000000000000101 /* BodyCoachApp.swift */; };
		100000000000000000000002 /* BodyCoachRootView.swift in Sources */ = {isa = PBXBuildFile; fileRef = 100000000000000000000102 /* BodyCoachRootView.swift */; };
		100000000000000000000003 /* SampleBodyData.swift in Sources */ = {isa = PBXBuildFile; fileRef = 100000000000000000000103 /* SampleBodyData.swift */; };
		100000000000000000000004 /* BodyCoachPresentation.swift in Sources */ = {isa = PBXBuildFile; fileRef = 100000000000000000000104 /* BodyCoachPresentation.swift */; };
		100000000000000000000005 /* BodyCoachWatchApp.swift in Sources */ = {isa = PBXBuildFile; fileRef = 100000000000000000000105 /* BodyCoachWatchApp.swift */; };
		100000000000000000000006 /* WatchRootView.swift in Sources */ = {isa = PBXBuildFile; fileRef = 100000000000000000000106 /* WatchRootView.swift */; };
		100000000000000000000007 /* SampleBodyData.swift in Sources */ = {isa = PBXBuildFile; fileRef = 100000000000000000000103 /* SampleBodyData.swift */; };
		100000000000000000000008 /* BodyCoachPresentation.swift in Sources */ = {isa = PBXBuildFile; fileRef = 100000000000000000000104 /* BodyCoachPresentation.swift */; };
		100000000000000000000009 /* BodyCoachCore in Frameworks */ = {isa = PBXBuildFile; productRef = 100000000000000000000301 /* BodyCoachCore */; };
		10000000000000000000000A /* BodyCoachCore in Frameworks */ = {isa = PBXBuildFile; productRef = 100000000000000000000302 /* BodyCoachCore */; };
		10000000000000000000000B /* VitalLoopLogoView.swift in Sources */ = {isa = PBXBuildFile; fileRef = 100000000000000000000107 /* VitalLoopLogoView.swift */; };
		10000000000000000000000C /* VitalLoopLogoView.swift in Sources */ = {isa = PBXBuildFile; fileRef = 100000000000000000000107 /* VitalLoopLogoView.swift */; };
		10000000000000000000000D /* HealthPermissionState.swift in Sources */ = {isa = PBXBuildFile; fileRef = 100000000000000000000108 /* HealthPermissionState.swift */; };
		10000000000000000000000E /* HealthMetricSnapshot.swift in Sources */ = {isa = PBXBuildFile; fileRef = 100000000000000000000109 /* HealthMetricSnapshot.swift */; };
		10000000000000000000000F /* HealthKitClient.swift in Sources */ = {isa = PBXBuildFile; fileRef = 10000000000000000000010A /* HealthKitClient.swift */; };
		100000000000000000000010 /* BodySummaryStore.swift in Sources */ = {isa = PBXBuildFile; fileRef = 10000000000000000000010B /* BodySummaryStore.swift */; };
		100000000000000000000011 /* BodyDashboardSnapshot.swift in Sources */ = {isa = PBXBuildFile; fileRef = 10000000000000000000010D /* BodyDashboardSnapshot.swift */; };
		100000000000000000000012 /* BodyDashboardSnapshot.swift in Sources */ = {isa = PBXBuildFile; fileRef = 10000000000000000000010D /* BodyDashboardSnapshot.swift */; };
		100000000000000000000013 /* BaselineCalculator.swift in Sources */ = {isa = PBXBuildFile; fileRef = 10000000000000000000010E /* BaselineCalculator.swift */; };
		100000000000000000000014 /* BodyDashboardTrends.swift in Sources */ = {isa = PBXBuildFile; fileRef = 10000000000000000000010F /* BodyDashboardTrends.swift */; };
		100000000000000000000015 /* BodyDashboardTrends.swift in Sources */ = {isa = PBXBuildFile; fileRef = 10000000000000000000010F /* BodyDashboardTrends.swift */; };
		100000000000000000000016 /* WatchSyncPayload.swift in Sources */ = {isa = PBXBuildFile; fileRef = 100000000000000000000110 /* WatchSyncPayload.swift */; };
		100000000000000000000017 /* WatchSyncPayload.swift in Sources */ = {isa = PBXBuildFile; fileRef = 100000000000000000000110 /* WatchSyncPayload.swift */; };
		100000000000000000000018 /* WatchSyncService.swift in Sources */ = {isa = PBXBuildFile; fileRef = 100000000000000000000111 /* WatchSyncService.swift */; };
		100000000000000000000019 /* WatchSyncService.swift in Sources */ = {isa = PBXBuildFile; fileRef = 100000000000000000000111 /* WatchSyncService.swift */; };
		10000000000000000000001A /* WatchSummaryStore.swift in Sources */ = {isa = PBXBuildFile; fileRef = 100000000000000000000112 /* WatchSummaryStore.swift */; };
		10000000000000000000001B /* BodyCoachLocalModels.swift in Sources */ = {isa = PBXBuildFile; fileRef = 100000000000000000000113 /* BodyCoachLocalModels.swift */; };
		10000000000000000000001C /* BodyCoachPersistenceStore.swift in Sources */ = {isa = PBXBuildFile; fileRef = 100000000000000000000114 /* BodyCoachPersistenceStore.swift */; };
		10000000000000000000001D /* AppPrivacyLinks.swift in Sources */ = {isa = PBXBuildFile; fileRef = 100000000000000000000115 /* AppPrivacyLinks.swift */; };
		10000000000000000000001E /* Assets.xcassets in Resources */ = {isa = PBXBuildFile; fileRef = 100000000000000000000116 /* Assets.xcassets */; };
		10000000000000000000001F /* WatchAssets.xcassets in Resources */ = {isa = PBXBuildFile; fileRef = 100000000000000000000117 /* WatchAssets.xcassets */; };
		100000000000000000000020 /* BodyCoachWatch.app in Embed Watch Content */ = {isa = PBXBuildFile; fileRef = 100000000000000000000202 /* BodyCoachWatch.app */; settings = {ATTRIBUTES = (RemoveHeadersOnCopy, ); }; };
		100000000000000000000021 /* BodyCoachSchema.swift in Sources */ = {isa = PBXBuildFile; fileRef = 100000000000000000000118 /* BodyCoachSchema.swift */; };
		100000000000000000000022 /* BodyCoachReminderStore.swift in Sources */ = {isa = PBXBuildFile; fileRef = 100000000000000000000119 /* BodyCoachReminderStore.swift */; };
		100000000000000000000023 /* PrivacyInfo.xcprivacy in Resources */ = {isa = PBXBuildFile; fileRef = 10000000000000000000011A /* PrivacyInfo.xcprivacy */; };
/* End PBXBuildFile section */

/* Begin PBXContainerItemProxy section */
		100000000000000000000A01 /* PBXContainerItemProxy */ = {
			isa = PBXContainerItemProxy;
			containerPortal = 100000000000000000000603 /* Project object */;
			proxyType = 1;
			remoteGlobalIDString = 100000000000000000000602;
			remoteInfo = BodyCoachWatch;
		};
/* End PBXContainerItemProxy section */

/* Begin PBXCopyFilesBuildPhase section */
		100000000000000000000903 /* Embed Watch Content */ = {
			isa = PBXCopyFilesBuildPhase;
			buildActionMask = 2147483647;
			dstPath = "$(CONTENTS_FOLDER_PATH)/Watch";
			dstSubfolderSpec = 16;
			files = (
				100000000000000000000020 /* BodyCoachWatch.app in Embed Watch Content */,
			);
			name = "Embed Watch Content";
			runOnlyForDeploymentPostprocessing = 0;
		};
/* End PBXCopyFilesBuildPhase section */

/* Begin PBXFileReference section */
		100000000000000000000101 /* BodyCoachApp.swift */ = {isa = PBXFileReference; lastKnownFileType = sourcecode.swift; path = BodyCoachApp.swift; sourceTree = "<group>"; };
		100000000000000000000102 /* BodyCoachRootView.swift */ = {isa = PBXFileReference; lastKnownFileType = sourcecode.swift; path = BodyCoachRootView.swift; sourceTree = "<group>"; };
		100000000000000000000103 /* SampleBodyData.swift */ = {isa = PBXFileReference; lastKnownFileType = sourcecode.swift; path = SampleBodyData.swift; sourceTree = "<group>"; };
		100000000000000000000104 /* BodyCoachPresentation.swift */ = {isa = PBXFileReference; lastKnownFileType = sourcecode.swift; path = BodyCoachPresentation.swift; sourceTree = "<group>"; };
		100000000000000000000105 /* BodyCoachWatchApp.swift */ = {isa = PBXFileReference; lastKnownFileType = sourcecode.swift; path = BodyCoachWatchApp.swift; sourceTree = "<group>"; };
		100000000000000000000106 /* WatchRootView.swift */ = {isa = PBXFileReference; lastKnownFileType = sourcecode.swift; path = WatchRootView.swift; sourceTree = "<group>"; };
		100000000000000000000107 /* VitalLoopLogoView.swift */ = {isa = PBXFileReference; lastKnownFileType = sourcecode.swift; path = VitalLoopLogoView.swift; sourceTree = "<group>"; };
		100000000000000000000108 /* HealthPermissionState.swift */ = {isa = PBXFileReference; lastKnownFileType = sourcecode.swift; path = HealthPermissionState.swift; sourceTree = "<group>"; };
		100000000000000000000109 /* HealthMetricSnapshot.swift */ = {isa = PBXFileReference; lastKnownFileType = sourcecode.swift; path = HealthMetricSnapshot.swift; sourceTree = "<group>"; };
		10000000000000000000010A /* HealthKitClient.swift */ = {isa = PBXFileReference; lastKnownFileType = sourcecode.swift; path = HealthKitClient.swift; sourceTree = "<group>"; };
		10000000000000000000010B /* BodySummaryStore.swift */ = {isa = PBXFileReference; lastKnownFileType = sourcecode.swift; path = BodySummaryStore.swift; sourceTree = "<group>"; };
		10000000000000000000010C /* BodyCoachApp.entitlements */ = {isa = PBXFileReference; lastKnownFileType = text.plist.entitlements; path = BodyCoachApp.entitlements; sourceTree = "<group>"; };
		10000000000000000000010D /* BodyDashboardSnapshot.swift */ = {isa = PBXFileReference; lastKnownFileType = sourcecode.swift; path = BodyDashboardSnapshot.swift; sourceTree = "<group>"; };
		10000000000000000000010E /* BaselineCalculator.swift */ = {isa = PBXFileReference; lastKnownFileType = sourcecode.swift; path = BaselineCalculator.swift; sourceTree = "<group>"; };
		10000000000000000000010F /* BodyDashboardTrends.swift */ = {isa = PBXFileReference; lastKnownFileType = sourcecode.swift; path = BodyDashboardTrends.swift; sourceTree = "<group>"; };
		100000000000000000000110 /* WatchSyncPayload.swift */ = {isa = PBXFileReference; lastKnownFileType = sourcecode.swift; path = WatchSyncPayload.swift; sourceTree = "<group>"; };
		100000000000000000000111 /* WatchSyncService.swift */ = {isa = PBXFileReference; lastKnownFileType = sourcecode.swift; path = WatchSyncService.swift; sourceTree = "<group>"; };
		100000000000000000000112 /* WatchSummaryStore.swift */ = {isa = PBXFileReference; lastKnownFileType = sourcecode.swift; path = WatchSummaryStore.swift; sourceTree = "<group>"; };
		100000000000000000000113 /* BodyCoachLocalModels.swift */ = {isa = PBXFileReference; lastKnownFileType = sourcecode.swift; path = BodyCoachLocalModels.swift; sourceTree = "<group>"; };
		100000000000000000000114 /* BodyCoachPersistenceStore.swift */ = {isa = PBXFileReference; lastKnownFileType = sourcecode.swift; path = BodyCoachPersistenceStore.swift; sourceTree = "<group>"; };
		100000000000000000000115 /* AppPrivacyLinks.swift */ = {isa = PBXFileReference; lastKnownFileType = sourcecode.swift; path = AppPrivacyLinks.swift; sourceTree = "<group>"; };
		100000000000000000000116 /* Assets.xcassets */ = {isa = PBXFileReference; lastKnownFileType = folder.assetcatalog; path = Assets.xcassets; sourceTree = "<group>"; };
		100000000000000000000117 /* WatchAssets.xcassets */ = {isa = PBXFileReference; lastKnownFileType = folder.assetcatalog; path = WatchAssets.xcassets; sourceTree = "<group>"; };
		100000000000000000000118 /* BodyCoachSchema.swift */ = {isa = PBXFileReference; lastKnownFileType = sourcecode.swift; path = BodyCoachSchema.swift; sourceTree = "<group>"; };
		100000000000000000000119 /* BodyCoachReminderStore.swift */ = {isa = PBXFileReference; lastKnownFileType = sourcecode.swift; path = BodyCoachReminderStore.swift; sourceTree = "<group>"; };
		10000000000000000000011A /* PrivacyInfo.xcprivacy */ = {isa = PBXFileReference; lastKnownFileType = text.xml; path = PrivacyInfo.xcprivacy; sourceTree = "<group>"; };
		100000000000000000000201 /* BodyCoachApp.app */ = {isa = PBXFileReference; explicitFileType = wrapper.application; includeInIndex = 0; path = BodyCoachApp.app; sourceTree = BUILT_PRODUCTS_DIR; };
		100000000000000000000202 /* BodyCoachWatch.app */ = {isa = PBXFileReference; explicitFileType = wrapper.application; includeInIndex = 0; path = BodyCoachWatch.app; sourceTree = BUILT_PRODUCTS_DIR; };
/* End PBXFileReference section */

/* Begin PBXFrameworksBuildPhase section */
		100000000000000000000401 /* Frameworks */ = {
			isa = PBXFrameworksBuildPhase;
			buildActionMask = 2147483647;
			files = (
				100000000000000000000009 /* BodyCoachCore in Frameworks */,
			);
			runOnlyForDeploymentPostprocessing = 0;
		};
		100000000000000000000402 /* Frameworks */ = {
			isa = PBXFrameworksBuildPhase;
			buildActionMask = 2147483647;
			files = (
				10000000000000000000000A /* BodyCoachCore in Frameworks */,
			);
			runOnlyForDeploymentPostprocessing = 0;
		};
/* End PBXFrameworksBuildPhase section */

/* Begin PBXGroup section */
		100000000000000000000501 = {
			isa = PBXGroup;
			children = (
				100000000000000000000502 /* iOS */,
				100000000000000000000503 /* Watch */,
				100000000000000000000504 /* Shared */,
				100000000000000000000116 /* Assets.xcassets */,
				100000000000000000000117 /* WatchAssets.xcassets */,
				10000000000000000000011A /* PrivacyInfo.xcprivacy */,
				100000000000000000000505 /* Products */,
			);
			sourceTree = "<group>";
		};
		100000000000000000000502 /* iOS */ = {
			isa = PBXGroup;
			children = (
				100000000000000000000101 /* BodyCoachApp.swift */,
				100000000000000000000102 /* BodyCoachRootView.swift */,
				100000000000000000000506 /* State */,
			);
			path = iOS;
			sourceTree = "<group>";
		};
		100000000000000000000503 /* Watch */ = {
			isa = PBXGroup;
			children = (
				100000000000000000000105 /* BodyCoachWatchApp.swift */,
				100000000000000000000106 /* WatchRootView.swift */,
				100000000000000000000112 /* WatchSummaryStore.swift */,
			);
			path = Watch;
			sourceTree = "<group>";
		};
		100000000000000000000504 /* Shared */ = {
			isa = PBXGroup;
			children = (
				100000000000000000000103 /* SampleBodyData.swift */,
				100000000000000000000104 /* BodyCoachPresentation.swift */,
				10000000000000000000010D /* BodyDashboardSnapshot.swift */,
				10000000000000000000010F /* BodyDashboardTrends.swift */,
				100000000000000000000110 /* WatchSyncPayload.swift */,
				100000000000000000000111 /* WatchSyncService.swift */,
				100000000000000000000115 /* AppPrivacyLinks.swift */,
				100000000000000000000107 /* VitalLoopLogoView.swift */,
				100000000000000000000507 /* Health */,
				10000000000000000000010C /* BodyCoachApp.entitlements */,
			);
			path = Shared;
			sourceTree = "<group>";
		};
		100000000000000000000505 /* Products */ = {
			isa = PBXGroup;
			children = (
				100000000000000000000201 /* BodyCoachApp.app */,
				100000000000000000000202 /* BodyCoachWatch.app */,
			);
			name = Products;
			sourceTree = "<group>";
		};
		100000000000000000000506 /* State */ = {
			isa = PBXGroup;
			children = (
				10000000000000000000010B /* BodySummaryStore.swift */,
				100000000000000000000113 /* BodyCoachLocalModels.swift */,
				100000000000000000000118 /* BodyCoachSchema.swift */,
				100000000000000000000114 /* BodyCoachPersistenceStore.swift */,
				100000000000000000000119 /* BodyCoachReminderStore.swift */,
			);
			path = State;
			sourceTree = "<group>";
		};
		100000000000000000000507 /* Health */ = {
			isa = PBXGroup;
			children = (
				100000000000000000000108 /* HealthPermissionState.swift */,
				100000000000000000000109 /* HealthMetricSnapshot.swift */,
				10000000000000000000010A /* HealthKitClient.swift */,
				10000000000000000000010E /* BaselineCalculator.swift */,
			);
			path = Health;
			sourceTree = "<group>";
		};
/* End PBXGroup section */

/* Begin PBXNativeTarget section */
		100000000000000000000601 /* BodyCoachApp */ = {
			isa = PBXNativeTarget;
			buildConfigurationList = 100000000000000000000801 /* Build configuration list for PBXNativeTarget "BodyCoachApp" */;
			buildPhases = (
				100000000000000000000701 /* Sources */,
				100000000000000000000401 /* Frameworks */,
				100000000000000000000901 /* Resources */,
				100000000000000000000903 /* Embed Watch Content */,
			);
			buildRules = (
			);
			dependencies = (
				100000000000000000000A02 /* PBXTargetDependency */,
			);
			name = BodyCoachApp;
			packageProductDependencies = (
				100000000000000000000301 /* BodyCoachCore */,
			);
			productName = BodyCoachApp;
			productReference = 100000000000000000000201 /* BodyCoachApp.app */;
			productType = "com.apple.product-type.application";
		};
		100000000000000000000602 /* BodyCoachWatch */ = {
			isa = PBXNativeTarget;
			buildConfigurationList = 100000000000000000000802 /* Build configuration list for PBXNativeTarget "BodyCoachWatch" */;
			buildPhases = (
				100000000000000000000702 /* Sources */,
				100000000000000000000402 /* Frameworks */,
				100000000000000000000902 /* Resources */,
			);
			buildRules = (
			);
			dependencies = (
			);
			name = BodyCoachWatch;
			packageProductDependencies = (
				100000000000000000000302 /* BodyCoachCore */,
			);
			productName = BodyCoachWatch;
			productReference = 100000000000000000000202 /* BodyCoachWatch.app */;
			productType = "com.apple.product-type.application";
		};
/* End PBXNativeTarget section */

/* Begin PBXProject section */
		100000000000000000000603 /* Project object */ = {
			isa = PBXProject;
			attributes = {
				BuildIndependentTargetsInParallel = 1;
				LastSwiftUpdateCheck = 2640;
				LastUpgradeCheck = 2640;
				TargetAttributes = {
					100000000000000000000601 = {
						CreatedOnToolsVersion = 26.4.1;
					};
					100000000000000000000602 = {
						CreatedOnToolsVersion = 26.4.1;
					};
				};
			};
			buildConfigurationList = 100000000000000000000803 /* Build configuration list for PBXProject "BodyCoachApp" */;
			compatibilityVersion = "Xcode 14.0";
			developmentRegion = en;
			hasScannedForEncodings = 0;
			knownRegions = (
				en,
				Base,
			);
			mainGroup = 100000000000000000000501;
			packageReferences = (
				100000000000000000000300 /* XCLocalSwiftPackageReference "../BodyCoachCore" */,
			);
			productRefGroup = 100000000000000000000505 /* Products */;
			projectDirPath = "";
			projectRoot = "";
			targets = (
				100000000000000000000601 /* BodyCoachApp */,
				100000000000000000000602 /* BodyCoachWatch */,
			);
		};
/* End PBXProject section */

/* Begin PBXResourcesBuildPhase section */
		100000000000000000000901 /* Resources */ = {
			isa = PBXResourcesBuildPhase;
			buildActionMask = 2147483647;
			files = (
				10000000000000000000001E /* Assets.xcassets in Resources */,
				100000000000000000000023 /* PrivacyInfo.xcprivacy in Resources */,
			);
			runOnlyForDeploymentPostprocessing = 0;
		};
		100000000000000000000902 /* Resources */ = {
			isa = PBXResourcesBuildPhase;
			buildActionMask = 2147483647;
			files = (
				10000000000000000000001F /* WatchAssets.xcassets in Resources */,
			);
			runOnlyForDeploymentPostprocessing = 0;
		};
/* End PBXResourcesBuildPhase section */

/* Begin PBXSourcesBuildPhase section */
		100000000000000000000701 /* Sources */ = {
			isa = PBXSourcesBuildPhase;
			buildActionMask = 2147483647;
			files = (
				100000000000000000000001 /* BodyCoachApp.swift in Sources */,
				100000000000000000000002 /* BodyCoachRootView.swift in Sources */,
				100000000000000000000003 /* SampleBodyData.swift in Sources */,
				100000000000000000000004 /* BodyCoachPresentation.swift in Sources */,
				10000000000000000000000B /* VitalLoopLogoView.swift in Sources */,
				10000000000000000000000D /* HealthPermissionState.swift in Sources */,
				10000000000000000000000E /* HealthMetricSnapshot.swift in Sources */,
				10000000000000000000000F /* HealthKitClient.swift in Sources */,
				100000000000000000000010 /* BodySummaryStore.swift in Sources */,
				10000000000000000000001B /* BodyCoachLocalModels.swift in Sources */,
				100000000000000000000021 /* BodyCoachSchema.swift in Sources */,
				10000000000000000000001C /* BodyCoachPersistenceStore.swift in Sources */,
				100000000000000000000022 /* BodyCoachReminderStore.swift in Sources */,
				100000000000000000000011 /* BodyDashboardSnapshot.swift in Sources */,
				100000000000000000000014 /* BodyDashboardTrends.swift in Sources */,
				100000000000000000000016 /* WatchSyncPayload.swift in Sources */,
				100000000000000000000018 /* WatchSyncService.swift in Sources */,
				10000000000000000000001D /* AppPrivacyLinks.swift in Sources */,
				100000000000000000000013 /* BaselineCalculator.swift in Sources */,
			);
			runOnlyForDeploymentPostprocessing = 0;
		};
		100000000000000000000702 /* Sources */ = {
			isa = PBXSourcesBuildPhase;
			buildActionMask = 2147483647;
			files = (
				100000000000000000000005 /* BodyCoachWatchApp.swift in Sources */,
				100000000000000000000006 /* WatchRootView.swift in Sources */,
				100000000000000000000007 /* SampleBodyData.swift in Sources */,
				100000000000000000000008 /* BodyCoachPresentation.swift in Sources */,
				10000000000000000000000C /* VitalLoopLogoView.swift in Sources */,
				100000000000000000000012 /* BodyDashboardSnapshot.swift in Sources */,
				100000000000000000000015 /* BodyDashboardTrends.swift in Sources */,
				100000000000000000000017 /* WatchSyncPayload.swift in Sources */,
				100000000000000000000019 /* WatchSyncService.swift in Sources */,
				10000000000000000000001A /* WatchSummaryStore.swift in Sources */,
			);
			runOnlyForDeploymentPostprocessing = 0;
		};
/* End PBXSourcesBuildPhase section */

/* Begin PBXTargetDependency section */
		100000000000000000000A02 /* PBXTargetDependency */ = {
			isa = PBXTargetDependency;
			target = 100000000000000000000602 /* BodyCoachWatch */;
			targetProxy = 100000000000000000000A01 /* PBXContainerItemProxy */;
		};
/* End PBXTargetDependency section */

/* Begin XCBuildConfiguration section */
		100000000000000000000811 /* Debug */ = {
			isa = XCBuildConfiguration;
			buildSettings = {
				ALWAYS_SEARCH_USER_PATHS = NO;
				CLANG_ANALYZER_NONNULL = YES;
				CLANG_ENABLE_MODULES = YES;
				CLANG_ENABLE_OBJC_ARC = YES;
				CLANG_WARN_BOOL_CONVERSION = YES;
				CLANG_WARN_CONSTANT_CONVERSION = YES;
				CLANG_WARN_EMPTY_BODY = YES;
				CLANG_WARN_ENUM_CONVERSION = YES;
				CLANG_WARN_INT_CONVERSION = YES;
				CLANG_WARN_UNREACHABLE_CODE = YES;
				COPY_PHASE_STRIP = NO;
				DEBUG_INFORMATION_FORMAT = dwarf;
				ENABLE_STRICT_OBJC_MSGSEND = YES;
				ENABLE_TESTABILITY = YES;
				GCC_C_LANGUAGE_STANDARD = gnu17;
				GCC_DYNAMIC_NO_PIC = NO;
				GCC_NO_COMMON_BLOCKS = YES;
				GCC_OPTIMIZATION_LEVEL = 0;
				GCC_PREPROCESSOR_DEFINITIONS = (
					"DEBUG=1",
					"$(inherited)",
				);
				MTL_ENABLE_DEBUG_INFO = INCLUDE_SOURCE;
				ONLY_ACTIVE_ARCH = YES;
				SWIFT_ACTIVE_COMPILATION_CONDITIONS = DEBUG;
				SWIFT_OPTIMIZATION_LEVEL = "-Onone";
			};
			name = Debug;
		};
		100000000000000000000812 /* Release */ = {
			isa = XCBuildConfiguration;
			buildSettings = {
				ALWAYS_SEARCH_USER_PATHS = NO;
				CLANG_ANALYZER_NONNULL = YES;
				CLANG_ENABLE_MODULES = YES;
				CLANG_ENABLE_OBJC_ARC = YES;
				CLANG_WARN_BOOL_CONVERSION = YES;
				CLANG_WARN_CONSTANT_CONVERSION = YES;
				CLANG_WARN_EMPTY_BODY = YES;
				CLANG_WARN_ENUM_CONVERSION = YES;
				CLANG_WARN_INT_CONVERSION = YES;
				CLANG_WARN_UNREACHABLE_CODE = YES;
				COPY_PHASE_STRIP = NO;
				DEBUG_INFORMATION_FORMAT = "dwarf-with-dsym";
				ENABLE_NS_ASSERTIONS = NO;
				ENABLE_STRICT_OBJC_MSGSEND = YES;
				GCC_C_LANGUAGE_STANDARD = gnu17;
				GCC_NO_COMMON_BLOCKS = YES;
				MTL_ENABLE_DEBUG_INFO = NO;
				SWIFT_COMPILATION_MODE = wholemodule;
				SWIFT_OPTIMIZATION_LEVEL = "-O";
				VALIDATE_PRODUCT = YES;
			};
			name = Release;
		};
		100000000000000000000821 /* Debug */ = {
			isa = XCBuildConfiguration;
			buildSettings = {
				ASSETCATALOG_COMPILER_APPICON_NAME = AppIcon;
				CODE_SIGN_ENTITLEMENTS = BodyCoachApp.entitlements;
				CODE_SIGN_STYLE = Automatic;
				CURRENT_PROJECT_VERSION = 1;
				DEVELOPMENT_TEAM = 557Z936Z5G;
				ENABLE_PREVIEWS = YES;
				GENERATE_INFOPLIST_FILE = YES;
				INFOPLIST_KEY_CFBundleDisplayName = VitalLoop;
				INFOPLIST_KEY_NSHealthShareUsageDescription = "VitalLoop 需要读取活动、睡眠、心率、HRV 和体重数据，用于生成本地身体状态总结和今日建议。";
				INFOPLIST_KEY_NSHumanReadableCopyright = "";
				INFOPLIST_KEY_UIApplicationSceneManifest_Generation = YES;
				INFOPLIST_KEY_UIApplicationSupportsIndirectInputEvents = YES;
				INFOPLIST_KEY_UILaunchScreen_Generation = YES;
				IPHONEOS_DEPLOYMENT_TARGET = 17.0;
				LD_RUNPATH_SEARCH_PATHS = (
					"$(inherited)",
					"@executable_path/Frameworks",
				);
				MARKETING_VERSION = 1.0;
				PRODUCT_BUNDLE_IDENTIFIER = com.ramsey.bodycoach;
				PRODUCT_NAME = "$(TARGET_NAME)";
				SUPPORTED_PLATFORMS = "iphoneos iphonesimulator";
				SUPPORTS_MACCATALYST = NO;
				SUPPORTS_MAC_DESIGNED_FOR_IPHONE_IPAD = NO;
				SWIFT_EMIT_LOC_STRINGS = YES;
				SWIFT_VERSION = 6.0;
				TARGETED_DEVICE_FAMILY = 1;
			};
			name = Debug;
		};
		100000000000000000000822 /* Release */ = {
			isa = XCBuildConfiguration;
			buildSettings = {
				ASSETCATALOG_COMPILER_APPICON_NAME = AppIcon;
				CODE_SIGN_ENTITLEMENTS = BodyCoachApp.entitlements;
				CODE_SIGN_STYLE = Automatic;
				CURRENT_PROJECT_VERSION = 1;
				DEVELOPMENT_TEAM = 557Z936Z5G;
				ENABLE_PREVIEWS = YES;
				GENERATE_INFOPLIST_FILE = YES;
				INFOPLIST_KEY_CFBundleDisplayName = VitalLoop;
				INFOPLIST_KEY_NSHealthShareUsageDescription = "VitalLoop 需要读取活动、睡眠、心率、HRV 和体重数据，用于生成本地身体状态总结和今日建议。";
				INFOPLIST_KEY_NSHumanReadableCopyright = "";
				INFOPLIST_KEY_UIApplicationSceneManifest_Generation = YES;
				INFOPLIST_KEY_UIApplicationSupportsIndirectInputEvents = YES;
				INFOPLIST_KEY_UILaunchScreen_Generation = YES;
				IPHONEOS_DEPLOYMENT_TARGET = 17.0;
				LD_RUNPATH_SEARCH_PATHS = (
					"$(inherited)",
					"@executable_path/Frameworks",
				);
				MARKETING_VERSION = 1.0;
				PRODUCT_BUNDLE_IDENTIFIER = com.ramsey.bodycoach;
				PRODUCT_NAME = "$(TARGET_NAME)";
				SUPPORTED_PLATFORMS = "iphoneos iphonesimulator";
				SUPPORTS_MACCATALYST = NO;
				SUPPORTS_MAC_DESIGNED_FOR_IPHONE_IPAD = NO;
				SWIFT_EMIT_LOC_STRINGS = YES;
				SWIFT_VERSION = 6.0;
				TARGETED_DEVICE_FAMILY = 1;
			};
			name = Release;
		};
		100000000000000000000831 /* Debug */ = {
			isa = XCBuildConfiguration;
			buildSettings = {
				ASSETCATALOG_COMPILER_APPICON_NAME = AppIcon;
				CODE_SIGN_STYLE = Automatic;
				CURRENT_PROJECT_VERSION = 1;
				DEVELOPMENT_TEAM = 557Z936Z5G;
				ENABLE_PREVIEWS = YES;
				GENERATE_INFOPLIST_FILE = YES;
				INFOPLIST_KEY_CFBundleDisplayName = VitalLoop;
				INFOPLIST_KEY_NSHumanReadableCopyright = "";
				INFOPLIST_KEY_UISupportedInterfaceOrientations = "UIInterfaceOrientationPortrait UIInterfaceOrientationPortraitUpsideDown";
				INFOPLIST_KEY_WKCompanionAppBundleIdentifier = com.ramsey.bodycoach;
				INFOPLIST_KEY_WKWatchOnly = NO;
				LD_RUNPATH_SEARCH_PATHS = (
					"$(inherited)",
					"@executable_path/Frameworks",
				);
				MARKETING_VERSION = 1.0;
				PRODUCT_BUNDLE_IDENTIFIER = com.ramsey.bodycoach.watchkitapp;
				PRODUCT_NAME = "$(TARGET_NAME)";
				SDKROOT = watchos;
				SKIP_INSTALL = YES;
				SUPPORTED_PLATFORMS = "watchos watchsimulator";
				SWIFT_EMIT_LOC_STRINGS = YES;
				SWIFT_VERSION = 6.0;
				TARGETED_DEVICE_FAMILY = 4;
				WATCHOS_DEPLOYMENT_TARGET = 10.0;
			};
			name = Debug;
		};
		100000000000000000000832 /* Release */ = {
			isa = XCBuildConfiguration;
			buildSettings = {
				ASSETCATALOG_COMPILER_APPICON_NAME = AppIcon;
				CODE_SIGN_STYLE = Automatic;
				CURRENT_PROJECT_VERSION = 1;
				DEVELOPMENT_TEAM = 557Z936Z5G;
				ENABLE_PREVIEWS = YES;
				GENERATE_INFOPLIST_FILE = YES;
				INFOPLIST_KEY_CFBundleDisplayName = VitalLoop;
				INFOPLIST_KEY_NSHumanReadableCopyright = "";
				INFOPLIST_KEY_UISupportedInterfaceOrientations = "UIInterfaceOrientationPortrait UIInterfaceOrientationPortraitUpsideDown";
				INFOPLIST_KEY_WKCompanionAppBundleIdentifier = com.ramsey.bodycoach;
				INFOPLIST_KEY_WKWatchOnly = NO;
				LD_RUNPATH_SEARCH_PATHS = (
					"$(inherited)",
					"@executable_path/Frameworks",
				);
				MARKETING_VERSION = 1.0;
				PRODUCT_BUNDLE_IDENTIFIER = com.ramsey.bodycoach.watchkitapp;
				PRODUCT_NAME = "$(TARGET_NAME)";
				SDKROOT = watchos;
				SKIP_INSTALL = YES;
				SUPPORTED_PLATFORMS = "watchos watchsimulator";
				SWIFT_EMIT_LOC_STRINGS = YES;
				SWIFT_VERSION = 6.0;
				TARGETED_DEVICE_FAMILY = 4;
				WATCHOS_DEPLOYMENT_TARGET = 10.0;
			};
			name = Release;
		};
/* End XCBuildConfiguration section */

/* Begin XCConfigurationList section */
		100000000000000000000801 /* Build configuration list for PBXNativeTarget "BodyCoachApp" */ = {
			isa = XCConfigurationList;
			buildConfigurations = (
				100000000000000000000821 /* Debug */,
				100000000000000000000822 /* Release */,
			);
			defaultConfigurationIsVisible = 0;
			defaultConfigurationName = Release;
		};
		100000000000000000000802 /* Build configuration list for PBXNativeTarget "BodyCoachWatch" */ = {
			isa = XCConfigurationList;
			buildConfigurations = (
				100000000000000000000831 /* Debug */,
				100000000000000000000832 /* Release */,
			);
			defaultConfigurationIsVisible = 0;
			defaultConfigurationName = Release;
		};
		100000000000000000000803 /* Build configuration list for PBXProject "BodyCoachApp" */ = {
			isa = XCConfigurationList;
			buildConfigurations = (
				100000000000000000000811 /* Debug */,
				100000000000000000000812 /* Release */,
			);
			defaultConfigurationIsVisible = 0;
			defaultConfigurationName = Release;
		};
/* End XCConfigurationList section */

/* Begin XCLocalSwiftPackageReference section */
		100000000000000000000300 /* XCLocalSwiftPackageReference "../BodyCoachCore" */ = {
			isa = XCLocalSwiftPackageReference;
			relativePath = ../BodyCoachCore;
		};
/* End XCLocalSwiftPackageReference section */

/* Begin XCSwiftPackageProductDependency section */
		100000000000000000000301 /* BodyCoachCore */ = {
			isa = XCSwiftPackageProductDependency;
			package = 100000000000000000000300 /* XCLocalSwiftPackageReference "../BodyCoachCore" */;
			productName = BodyCoachCore;
		};
		100000000000000000000302 /* BodyCoachCore */ = {
			isa = XCSwiftPackageProductDependency;
			package = 100000000000000000000300 /* XCLocalSwiftPackageReference "../BodyCoachCore" */;
			productName = BodyCoachCore;
		};
/* End XCSwiftPackageProductDependency section */
	};
	rootObject = 100000000000000000000603 /* Project object */;
}
